
Microsoft Visual Studio Solution File, Format Version 12.00
# Visual Studio Version 16
VisualStudioVersion = 16.0.30523.141
MinimumVisualStudioVersion = 10.0.40219.1
Project("{FAE04EC0-301F-11D3-BF4B-00C04F79EFBC}") = "SkillsTracker", "SkillsTracker.csproj", "{DFC3B752-7422-4BCB-BB22-D644F266397A}"
EndProject
Global
	GlobalSection(SolutionConfigurationPlatforms) = preSolution
		Debug|Any CPU = Debug|Any CPU
		Release|Any CPU = Release|Any CPU
	EndGlobalSection
	GlobalSection(ProjectConfigurationPlatforms) = postSolution
		{DFC3B752-7422-4BCB-BB22-D644F266397A}.Debug|Any CPU.ActiveCfg = Debug|Any CPU
		{DFC3B752-7422-4BCB-BB22-D644F266397A}.Debug|Any CPU.Build.0 = Debug|Any CPU
		{DFC3B752-7422-4BCB-BB22-D644F266397A}.Release|Any CPU.ActiveCfg = Release|Any CPU
		{DFC3B752-7422-4BCB-BB22-D644F266397A}.Release|Any CPU.Build.0 = Release|Any CPU
	EndGlobalSection
	GlobalSection(SolutionProperties) = preSolution
		HideSolutionNode = FALSE
	EndGlobalSection
	GlobalSection(ExtensibilityGlobals) = postSolution
		SolutionGuid = {5D117E18-FF9A-4EE9-8689-CD1E1BA7BD26}
	EndGlobalSection
EndGlobal
